// !$*UTF8*$!
{
	archiveVersion = 1;
	classes = {
	};
	objectVersion = 47;
	objects = {

/* Begin PBXBuildFile section */
		716205801CB5F54F00F63F3E /* LRMultiCheckTableView.m in Sources */ = {isa = PBXBuildFile; fileRef = 7162057F1CB5F54F00F63F3E /* LRMultiCheckTableView.m */; };
		716883001CACEE790092C884 /* main.m in Sources */ = {isa = PBXBuildFile; fileRef = 716882FF1CACEE790092C884 /* main.m */; };
		716883031CACEE790092C884 /* AppDelegate.m in Sources */ = {isa = PBXBuildFile; fileRef = 716883021CACEE790092C884 /* AppDelegate.m */; };
		716883061CACEE790092C884 /* ViewController.m in Sources */ = {isa = PBXBuildFile; fileRef = 716883051CACEE790092C884 /* ViewController.m */; };
		7168830B1CACEE790092C884 /* Assets.xcassets in Resources */ = {isa = PBXBuildFile; fileRef = 7168830A1CACEE790092C884 /* Assets.xcassets */; };
/* End PBXBuildFile section */

/* Begin PBXFileReference section */
		7162057E1CB5F54F00F63F3E /* LRMultiCheckTableView.h */ = {isa = PBXFileReference; fileEncoding = 4; lastKnownFileType = sourcecode.c.h; path = LRMultiCheckTableView.h; sourceTree = "<group>"; };
		7162057F1CB5F54F00F63F3E /* LRMultiCheckTableView.m */ = {isa = PBXFileReference; fileEncoding = 4; lastKnownFileType = sourcecode.c.objc; path = LRMultiCheckTableView.m; sourceTree = "<group>"; };
		716882FB1CACEE790092C884 /* LRMultiCheckTableView.app */ = {isa = PBXFileReference; explicitFileType = wrapper.application; includeInIndex = 0; path = LRMultiCheckTableView.app; sourceTree = BUILT_PRODUCTS_DIR; };
		716882FF1CACEE790092C884 /* main.m */ = {isa = PBXFileReference; lastKnownFileType = sourcecode.c.objc; name = main.m; path = ../Example/main.m; sourceTree = "<group>"; };
		716883011CACEE790092C884 /* AppDelegate.h */ = {isa = PBXFileReference; lastKnownFileType = sourcecode.c.h; path = AppDelegate.h; sourceTree = "<group>"; };
		716883021CACEE790092C884 /* AppDelegate.m */ = {isa = PBXFileReference; lastKnownFileType = sourcecode.c.objc; path = AppDelegate.m; sourceTree = "<group>"; };
		716883041CACEE790092C884 /* ViewController.h */ = {isa = PBXFileReference; lastKnownFileType = sourcecode.c.h; path = ViewController.h; sourceTree = "<group>"; };
		716883051CACEE790092C884 /* ViewController.m */ = {isa = PBXFileReference; lastKnownFileType = sourcecode.c.objc; path = ViewController.m; sourceTree = "<group>"; };
		7168830A1CACEE790092C884 /* Assets.xcassets */ = {isa = PBXFileReference; lastKnownFileType = folder.assetcatalog; path = Assets.xcassets; sourceTree = "<group>"; };
		7168830F1CACEE790092C884 /* Info.plist */ = {isa = PBXFileReference; lastKnownFileType = text.plist.xml; path = Info.plist; sourceTree = "<group>"; };
/* End PBXFileReference section */

/* Begin PBXFrameworksBuildPhase section */
		716882F81CACEE790092C884 /* Frameworks */ = {
			isa = PBXFrameworksBuildPhase;
			buildActionMask = 2147483647;
			files = (
			);
			runOnlyForDeploymentPostprocessing = 0;
		};
/* End PBXFrameworksBuildPhase section */

/* Begin PBXGroup section */
		716882F21CACEE790092C884 = {
			isa = PBXGroup;
			children = (
				717BF0D71CBC92E300A891B6 /* Example */,
				716882FD1CACEE790092C884 /* LRMultiCheckTableView */,
				716882FC1CACEE790092C884 /* Products */,
			);
			sourceTree = "<group>";
		};
		716882FC1CACEE790092C884 /* Products */ = {
			isa = PBXGroup;
			children = (
				716882FB1CACEE790092C884 /* LRMultiCheckTableView.app */,
			);
			name = Products;
			sourceTree = "<group>";
		};
		716882FD1CACEE790092C884 /* LRMultiCheckTableView */ = {
			isa = PBXGroup;
			children = (
				7162057E1CB5F54F00F63F3E /* LRMultiCheckTableView.h */,
				7162057F1CB5F54F00F63F3E /* LRMultiCheckTableView.m */,
			);
			path = LRMultiCheckTableView;
			sourceTree = "<group>";
		};
		716882FE1CACEE790092C884 /* Supporting Files */ = {
			isa = PBXGroup;
			children = (
				716882FF1CACEE790092C884 /* main.m */,
			);
			name = "Supporting Files";
			path = ../LRMultiCheckTableView;
			sourceTree = "<group>";
		};
		717BF0D71CBC92E300A891B6 /* Example */ = {
			isa = PBXGroup;
			children = (
				716883011CACEE790092C884 /* AppDelegate.h */,
				716883021CACEE790092C884 /* AppDelegate.m */,
				716883041CACEE790092C884 /* ViewController.h */,
				716883051CACEE790092C884 /* ViewController.m */,
				7168830A1CACEE790092C884 /* Assets.xcassets */,
				7168830F1CACEE790092C884 /* Info.plist */,
				716882FE1CACEE790092C884 /* Supporting Files */,
			);
			path = Example;
			sourceTree = "<group>";
		};
/* End PBXGroup section */

/* Begin PBXNativeTarget section */
		716882FA1CACEE790092C884 /* LRMultiCheckTableView */ = {
			isa = PBXNativeTarget;
			buildConfigurationList = 716883121CACEE790092C884 /* Build configuration list for PBXNativeTarget "LRMultiCheckTableView" */;
			buildPhases = (
				716882F71CACEE790092C884 /* Sources */,
				716882F81CACEE790092C884 /* Frameworks */,
				716882F91CACEE790092C884 /* Resources */,
			);
			buildRules = (
			);
			dependencies = (
			);
			name = LRMultiCheckTableView;
			productName = MulitUITableView;
			productReference = 716882FB1CACEE790092C884 /* LRMultiCheckTableView.app */;
			productType = "com.apple.product-type.application";
		};
/* End PBXNativeTarget section */

/* Begin PBXProject section */
		716882F31CACEE790092C884 /* Project object */ = {
			isa = PBXProject;
			attributes = {
				LastUpgradeCheck = 0720;
				ORGANIZATIONNAME = ole;
				TargetAttributes = {
					716882FA1CACEE790092C884 = {
						CreatedOnToolsVersion = 7.2.1;
						DevelopmentTeam = WWN3ZC5QF3;
					};
				};
			};
			buildConfigurationList = 716882F61CACEE790092C884 /* Build configuration list for PBXProject "LRMultiCheckTableView" */;
			compatibilityVersion = "Xcode 6.3";
			developmentRegion = English;
			hasScannedForEncodings = 0;
			knownRegions = (
				en,
				Base,
			);
			mainGroup = 716882F21CACEE790092C884;
			productRefGroup = 716882FC1CACEE790092C884 /* Products */;
			projectDirPath = "";
			projectRoot = "";
			targets = (
				716882FA1CACEE790092C884 /* LRMultiCheckTableView */,
			);
		};
/* End PBXProject section */

/* Begin PBXResourcesBuildPhase section */
		716882F91CACEE790092C884 /* Resources */ = {
			isa = PBXResourcesBuildPhase;
			buildActionMask = 2147483647;
			files = (
				7168830B1CACEE790092C884 /* Assets.xcassets in Resources */,
			);
			runOnlyForDeploymentPostprocessing = 0;
		};
/* End PBXResourcesBuildPhase section */

/* Begin PBXSourcesBuildPhase section */
		716882F71CACEE790092C884 /* Sources */ = {
			isa = PBXSourcesBuildPhase;
			buildActionMask = 2147483647;
			files = (
				716205801CB5F54F00F63F3E /* LRMultiCheckTableView.m in Sources */,
				716883061CACEE790092C884 /* ViewController.m in Sources */,
				716883031CACEE790092C884 /* AppDelegate.m in Sources */,
				716883001CACEE790092C884 /* main.m in Sources */,
			);
			runOnlyForDeploymentPostprocessing = 0;
		};
/* End PBXSourcesBuildPhase section */

/* Begin XCBuildConfiguration section */
		716883101CACEE790092C884 /* Debug */ = {
			isa = XCBuildConfiguration;
			buildSettings = {
				ALWAYS_SEARCH_USER_PATHS = NO;
				CLANG_CXX_LANGUAGE_STANDARD = "gnu++0x";
				CLANG_CXX_LIBRARY = "libc++";
				CLANG_ENABLE_MODULES = YES;
				CLANG_ENABLE_OBJC_ARC = YES;
				CLANG_WARN_BOOL_CONVERSION = YES;
				CLANG_WARN_CONSTANT_CONVERSION = YES;
				CLANG_WARN_DIRECT_OBJC_ISA_USAGE = YES_ERROR;
				CLANG_WARN_EMPTY_BODY = YES;
				CLANG_WARN_ENUM_CONVERSION = YES;
				CLANG_WARN_INT_CONVERSION = YES;
				CLANG_WARN_OBJC_ROOT_CLASS = YES_ERROR;
				CLANG_WARN_UNREACHABLE_CODE = YES;
				CLANG_WARN__DUPLICATE_METHOD_MATCH = YES;
				"CODE_SIGN_IDENTITY[sdk=iphoneos*]" = "iPhone Developer";
				COPY_PHASE_STRIP = NO;
				DEBUG_INFORMATION_FORMAT = dwarf;
				ENABLE_STRICT_OBJC_MSGSEND = YES;
				ENABLE_TESTABILITY = YES;
				GCC_C_LANGUAGE_STANDARD = gnu99;
				GCC_DYNAMIC_NO_PIC = NO;
				GCC_NO_COMMON_BLOCKS = YES;
				GCC_OPTIMIZATION_LEVEL = 0;
				GCC_PREPROCESSOR_DEFINITIONS = (
					"DEBUG=1",
					"$(inherited)",
				);
				GCC_WARN_64_TO_32_BIT_CONVERSION = YES;
				GCC_WARN_ABOUT_RETURN_TYPE = YES_ERROR;
				GCC_WARN_UNDECLARED_SELECTOR = YES;
				GCC_WARN_UNINITIALIZED_AUTOS = YES_AGGRESSIVE;
				GCC_WARN_UNUSED_FUNCTION = YES;
				GCC_WARN_UNUSED_VARIABLE = YES;
				IPHONEOS_DEPLOYMENT_TARGET = 9.2;
				MTL_ENABLE_DEBUG_INFO = YES;
				ONLY_ACTIVE_ARCH = YES;
				SDKROOT = iphoneos;
				TARGETED_DEVICE_FAMILY = "1,2";
			};
			name = Debug;
		};
		716883111CACEE790092C884 /* Release */ = {
			isa = XCBuildConfiguration;
			buildSettings = {
				ALWAYS_SEARCH_USER_PATHS = NO;
				CLANG_CXX_LANGUAGE_STANDARD = "gnu++0x";
				CLANG_CXX_LIBRARY = "libc++";
				CLANG_ENABLE_MODULES = YES;
				CLANG_ENABLE_OBJC_ARC = YES;
				CLANG_WARN_BOOL_CONVERSION = YES;
				CLANG_WARN_CONSTANT_CONVERSION = YES;
				CLANG_WARN_DIRECT_OBJC_ISA_USAGE = YES_ERROR;
				CLANG_WARN_EMPTY_BODY = YES;
				CLANG_WARN_ENUM_CONVERSION = YES;
				CLANG_WARN_INT_CONVERSION = YES;
				CLANG_WARN_OBJC_ROOT_CLASS = YES_ERROR;
				CLANG_WARN_UNREACHABLE_CODE = YES;
				CLANG_WARN__DUPLICATE_METHOD_MATCH = YES;
				"CODE_SIGN_IDENTITY[sdk=iphoneos*]" = "iPhone Developer";
				COPY_PHASE_STRIP = NO;
				DEBUG_INFORMATION_FORMAT = "dwarf-with-dsym";
				ENABLE_NS_ASSERTIONS = NO;
				ENABLE_STRICT_OBJC_MSGSEND = YES;
				GCC_C_LANGUAGE_STANDARD = gnu99;
				GCC_NO_COMMON_BLOCKS = YES;
				GCC_WARN_64_TO_32_BIT_CONVERSION = YES;
				GCC_WARN_ABOUT_RETURN_TYPE = YES_ERROR;
				GCC_WARN_UNDECLARED_SELECTOR = YES;
				GCC_WARN_UNINITIALIZED_AUTOS = YES_AGGRESSIVE;
				GCC_WARN_UNUSED_FUNCTION = YES;
				GCC_WARN_UNUSED_VARIABLE = YES;
				IPHONEOS_DEPLOYMENT_TARGET = 9.2;
				MTL_ENABLE_DEBUG_INFO = NO;
				SDKROOT = iphoneos;
				TARGETED_DEVICE_FAMILY = "1,2";
				VALIDATE_PRODUCT = YES;
			};
			name = Release;
		};
		716883131CACEE790092C884 /* Debug */ = {
			isa = XCBuildConfiguration;
			buildSettings = {
				ASSETCATALOG_COMPILER_APPICON_NAME = AppIcon;
				ASSETCATALOG_COMPILER_LAUNCHIMAGE_NAME = "Brand Assets";
				CODE_SIGN_IDENTITY = "iPhone Developer";
				"CODE_SIGN_IDENTITY[sdk=iphoneos*]" = "iPhone Developer";
				INFOPLIST_FILE = "$(SRCROOT)/Example/Info.plist";
				LD_RUNPATH_SEARCH_PATHS = "$(inherited) @executable_path/Frameworks";
				PRODUCT_BUNDLE_IDENTIFIER = rexfun.LRMultiCheckTableView;
				PRODUCT_NAME = LRMultiCheckTableView;
				PROVISIONING_PROFILE = "";
			};
			name = Debug;
		};
		716883141CACEE790092C884 /* Release */ = {
			isa = XCBuildConfiguration;
			buildSettings = {
				ASSETCATALOG_COMPILER_APPICON_NAME = AppIcon;
				ASSETCATALOG_COMPILER_LAUNCHIMAGE_NAME = "Brand Assets";
				CODE_SIGN_IDENTITY = "iPhone Developer";
				"CODE_SIGN_IDENTITY[sdk=iphoneos*]" = "iPhone Developer";
				INFOPLIST_FILE = "$(SRCROOT)/Example/Info.plist";
				LD_RUNPATH_SEARCH_PATHS = "$(inherited) @executable_path/Frameworks";
				PRODUCT_BUNDLE_IDENTIFIER = rexfun.LRMultiCheckTableView;
				PRODUCT_NAME = LRMultiCheckTableView;
				PROVISIONING_PROFILE = "";
			};
			name = Release;
		};
/* End XCBuildConfiguration section */

/* Begin XCConfigurationList section */
		716882F61CACEE790092C884 /* Build configuration list for PBXProject "LRMultiCheckTableView" */ = {
			isa = XCConfigurationList;
			buildConfigurations = (
				716883101CACEE790092C884 /* Debug */,
				716883111CACEE790092C884 /* Release */,
			);
			defaultConfigurationIsVisible = 0;
			defaultConfigurationName = Release;
		};
		716883121CACEE790092C884 /* Build configuration list for PBXNativeTarget "LRMultiCheckTableView" */ = {
			isa = XCConfigurationList;
			buildConfigurations = (
				716883131CACEE790092C884 /* Debug */,
				716883141CACEE790092C884 /* Release */,
			);
			defaultConfigurationIsVisible = 0;
			defaultConfigurationName = Release;
		};
/* End XCConfigurationList section */
	};
	rootObject = 716882F31CACEE790092C884 /* Project object */;
}
